
Microsoft Visual Studio Solution File, Format Version 12.00
# Visual Studio 15
VisualStudioVersion = 15.0.28307.757
MinimumVisualStudioVersion = 10.0.40219.1
Project("{888888A0-9F3D-457C-B088-3A5042F75D52}") = "PyTest2", "PyTest2\PyTest2.pyproj", "{DBFD7732-0810-495B-A818-799AAF696C83}"
EndProject
Global
	GlobalSection(SolutionConfigurationPlatforms) = preSolution
		Debug|Any CPU = Debug|Any CPU
		Release|Any CPU = Release|Any CPU
	EndGlobalSection
	GlobalSection(ProjectConfigurationPlatforms) = postSolution
		{DBFD7732-0810-495B-A818-799AAF696C83}.Debug|Any CPU.ActiveCfg = Debug|Any CPU
		{DBFD7732-0810-495B-A818-799AAF696C83}.Release|Any CPU.ActiveCfg = Release|Any CPU
	EndGlobalSection
	GlobalSection(SolutionProperties) = preSolution
		HideSolutionNode = FALSE
	EndGlobalSection
	GlobalSection(ExtensibilityGlobals) = postSolution
		SolutionGuid = {33B45F1E-B6B9-47C1-AC11-DB56A943977A}
	EndGlobalSection
EndGlobal
