
Microsoft Visual Studio Solution File, Format Version 12.00
# Visual Studio 15
VisualStudioVersion = 15.0.28307.757
MinimumVisualStudioVersion = 10.0.40219.1
Project("{888888A0-9F3D-457C-B088-3A5042F75D52}") = "Py12-6ryou", "Py12-6\Py12-6ryou.pyproj", "{3FA13364-9D3C-4421-9850-6215DF6102C2}"
EndProject
Global
	GlobalSection(SolutionConfigurationPlatforms) = preSolution
		Debug|Any CPU = Debug|Any CPU
		Release|Any CPU = Release|Any CPU
	EndGlobalSection
	GlobalSection(ProjectConfigurationPlatforms) = postSolution
		{3FA13364-9D3C-4421-9850-6215DF6102C2}.Debug|Any CPU.ActiveCfg = Debug|Any CPU
		{3FA13364-9D3C-4421-9850-6215DF6102C2}.Release|Any CPU.ActiveCfg = Release|Any CPU
	EndGlobalSection
	GlobalSection(SolutionProperties) = preSolution
		HideSolutionNode = FALSE
	EndGlobalSection
	GlobalSection(ExtensibilityGlobals) = postSolution
		SolutionGuid = {5DEAB742-74A2-4F20-98C5-E8741945F5DC}
	EndGlobalSection
EndGlobal
