
Microsoft Visual Studio Solution File, Format Version 12.00
# Visual Studio 15
VisualStudioVersion = 15.0.28307.757
MinimumVisualStudioVersion = 10.0.40219.1
Project("{888888A0-9F3D-457C-B088-3A5042F75D52}") = "PyApp1", "PyApp1\PyApp1.pyproj", "{281A2571-02CF-42A5-A1D8-E852168D3D36}"
EndProject
Global
	GlobalSection(SolutionConfigurationPlatforms) = preSolution
		Debug|Any CPU = Debug|Any CPU
		Release|Any CPU = Release|Any CPU
	EndGlobalSection
	GlobalSection(ProjectConfigurationPlatforms) = postSolution
		{281A2571-02CF-42A5-A1D8-E852168D3D36}.Debug|Any CPU.ActiveCfg = Debug|Any CPU
		{281A2571-02CF-42A5-A1D8-E852168D3D36}.Release|Any CPU.ActiveCfg = Release|Any CPU
	EndGlobalSection
	GlobalSection(SolutionProperties) = preSolution
		HideSolutionNode = FALSE
	EndGlobalSection
	GlobalSection(ExtensibilityGlobals) = postSolution
		SolutionGuid = {A58BA749-07D8-412E-9D5A-79CA61869203}
	EndGlobalSection
EndGlobal
