
Microsoft Visual Studio Solution File, Format Version 12.00
# Visual Studio 15
VisualStudioVersion = 15.0.28307.757
MinimumVisualStudioVersion = 10.0.40219.1
Project("{888888A0-9F3D-457C-B088-3A5042F75D52}") = "PyApp11-18-2", "PyApp11-18-2\PyApp11-18-2.pyproj", "{DA3B137C-4C6E-4962-ACFB-8B46FA8B1B89}"
EndProject
Global
	GlobalSection(SolutionConfigurationPlatforms) = preSolution
		Debug|Any CPU = Debug|Any CPU
		Release|Any CPU = Release|Any CPU
	EndGlobalSection
	GlobalSection(ProjectConfigurationPlatforms) = postSolution
		{DA3B137C-4C6E-4962-ACFB-8B46FA8B1B89}.Debug|Any CPU.ActiveCfg = Debug|Any CPU
		{DA3B137C-4C6E-4962-ACFB-8B46FA8B1B89}.Release|Any CPU.ActiveCfg = Release|Any CPU
	EndGlobalSection
	GlobalSection(SolutionProperties) = preSolution
		HideSolutionNode = FALSE
	EndGlobalSection
	GlobalSection(ExtensibilityGlobals) = postSolution
		SolutionGuid = {C5F6CD66-7063-4A98-936B-1F88CF657A2C}
	EndGlobalSection
EndGlobal
