
Microsoft Visual Studio Solution File, Format Version 12.00
# Visual Studio 15
VisualStudioVersion = 15.0.28010.2050
MinimumVisualStudioVersion = 10.0.40219.1
Project("{FAE04EC0-301F-11D3-BF4B-00C04F79EFBC}") = "Formskadai3_2", "Formskadai3_2\Formskadai3_2.csproj", "{46F427B2-99D6-42E4-91C0-6E5797801063}"
EndProject
Global
	GlobalSection(SolutionConfigurationPlatforms) = preSolution
		Debug|Any CPU = Debug|Any CPU
		Release|Any CPU = Release|Any CPU
	EndGlobalSection
	GlobalSection(ProjectConfigurationPlatforms) = postSolution
		{46F427B2-99D6-42E4-91C0-6E5797801063}.Debug|Any CPU.ActiveCfg = Debug|Any CPU
		{46F427B2-99D6-42E4-91C0-6E5797801063}.Debug|Any CPU.Build.0 = Debug|Any CPU
		{46F427B2-99D6-42E4-91C0-6E5797801063}.Release|Any CPU.ActiveCfg = Release|Any CPU
		{46F427B2-99D6-42E4-91C0-6E5797801063}.Release|Any CPU.Build.0 = Release|Any CPU
	EndGlobalSection
	GlobalSection(SolutionProperties) = preSolution
		HideSolutionNode = FALSE
	EndGlobalSection
	GlobalSection(ExtensibilityGlobals) = postSolution
		SolutionGuid = {CA06542C-7357-47DA-8E00-E5F7474239DA}
	EndGlobalSection
EndGlobal
