
Microsoft Visual Studio Solution File, Format Version 12.00
# Visual Studio 15
VisualStudioVersion = 15.0.28307.902
MinimumVisualStudioVersion = 10.0.40219.1
Project("{888888A0-9F3D-457C-B088-3A5042F75D52}") = "PyRanEx", "PyRanEx\PyRanEx.pyproj", "{3D6F3ECB-F2B6-4870-85D2-D1460251725E}"
EndProject
Global
	GlobalSection(SolutionConfigurationPlatforms) = preSolution
		Debug|Any CPU = Debug|Any CPU
		Release|Any CPU = Release|Any CPU
	EndGlobalSection
	GlobalSection(ProjectConfigurationPlatforms) = postSolution
		{3D6F3ECB-F2B6-4870-85D2-D1460251725E}.Debug|Any CPU.ActiveCfg = Debug|Any CPU
		{3D6F3ECB-F2B6-4870-85D2-D1460251725E}.Release|Any CPU.ActiveCfg = Release|Any CPU
	EndGlobalSection
	GlobalSection(SolutionProperties) = preSolution
		HideSolutionNode = FALSE
	EndGlobalSection
	GlobalSection(ExtensibilityGlobals) = postSolution
		SolutionGuid = {32874B22-AA87-41A0-9CFF-BF6A9D159A0B}
	EndGlobalSection
EndGlobal
