
Microsoft Visual Studio Solution File, Format Version 12.00
# Visual Studio 15
VisualStudioVersion = 15.0.28307.757
MinimumVisualStudioVersion = 10.0.40219.1
Project("{888888A0-9F3D-457C-B088-3A5042F75D52}") = "PythonTestApp", "PythonTestApp\PythonTestApp.pyproj", "{30D52D9E-5E13-4FB1-B68A-AAC74EC2BB86}"
EndProject
Global
	GlobalSection(SolutionConfigurationPlatforms) = preSolution
		Debug|Any CPU = Debug|Any CPU
		Release|Any CPU = Release|Any CPU
	EndGlobalSection
	GlobalSection(ProjectConfigurationPlatforms) = postSolution
		{30D52D9E-5E13-4FB1-B68A-AAC74EC2BB86}.Debug|Any CPU.ActiveCfg = Debug|Any CPU
		{30D52D9E-5E13-4FB1-B68A-AAC74EC2BB86}.Release|Any CPU.ActiveCfg = Release|Any CPU
	EndGlobalSection
	GlobalSection(SolutionProperties) = preSolution
		HideSolutionNode = FALSE
	EndGlobalSection
	GlobalSection(ExtensibilityGlobals) = postSolution
		SolutionGuid = {549E594B-63DF-4277-8C5A-6F3B7BA1BFAB}
	EndGlobalSection
EndGlobal
