
Microsoft Visual Studio Solution File, Format Version 12.00
# Visual Studio 15
VisualStudioVersion = 15.0.28307.757
MinimumVisualStudioVersion = 10.0.40219.1
Project("{888888A0-9F3D-457C-B088-3A5042F75D52}") = "Py11-26ryou", "Py11-26\Py11-26ryou.pyproj", "{E2A0A69A-BA84-46EC-9506-98BC770E571E}"
EndProject
Global
	GlobalSection(SolutionConfigurationPlatforms) = preSolution
		Debug|Any CPU = Debug|Any CPU
		Release|Any CPU = Release|Any CPU
	EndGlobalSection
	GlobalSection(ProjectConfigurationPlatforms) = postSolution
		{E2A0A69A-BA84-46EC-9506-98BC770E571E}.Debug|Any CPU.ActiveCfg = Debug|Any CPU
		{E2A0A69A-BA84-46EC-9506-98BC770E571E}.Release|Any CPU.ActiveCfg = Release|Any CPU
	EndGlobalSection
	GlobalSection(SolutionProperties) = preSolution
		HideSolutionNode = FALSE
	EndGlobalSection
	GlobalSection(ExtensibilityGlobals) = postSolution
		SolutionGuid = {996D8B8F-95E6-42F9-8E59-04E9CACDD210}
	EndGlobalSection
EndGlobal
