
Microsoft Visual Studio Solution File, Format Version 12.00
# Visual Studio 15
VisualStudioVersion = 15.0.28307.757
MinimumVisualStudioVersion = 10.0.40219.1
Project("{888888A0-9F3D-457C-B088-3A5042F75D52}") = "PyApp11-16", "PyApp11-16\PyApp11-16.pyproj", "{22A79BC2-FC47-4019-BDB9-56E0E19D51E8}"
EndProject
Global
	GlobalSection(SolutionConfigurationPlatforms) = preSolution
		Debug|Any CPU = Debug|Any CPU
		Release|Any CPU = Release|Any CPU
	EndGlobalSection
	GlobalSection(ProjectConfigurationPlatforms) = postSolution
		{22A79BC2-FC47-4019-BDB9-56E0E19D51E8}.Debug|Any CPU.ActiveCfg = Debug|Any CPU
		{22A79BC2-FC47-4019-BDB9-56E0E19D51E8}.Release|Any CPU.ActiveCfg = Release|Any CPU
	EndGlobalSection
	GlobalSection(SolutionProperties) = preSolution
		HideSolutionNode = FALSE
	EndGlobalSection
	GlobalSection(ExtensibilityGlobals) = postSolution
		SolutionGuid = {91FBA0D7-AC49-4F90-902D-0F37A0FBF823}
	EndGlobalSection
EndGlobal
